{
  "version": 4,
  "terraform_version": "1.5.6",
  "serial": 19,
  "lineage": "367f17c5-a4ef-4d1f-2a86-b40b10988058",
  "outputs": {
    "name": {
      "value": "Kn@+4eT]_s",
      "type": "string"
    }
  },
  "resources": [
    {
      "mode": "managed",
      "type": "random_string",
      "name": "name2",
      "provider": "provider[\"registry.terraform.io/hashicorp/random\"]",
      "instances": [
        {
          "schema_version": 2,
          "attributes": {
            "id": "Kn@+4eT]_s",
            "keepers": null,
            "length": 10,
            "lower": true,
            "min_lower": 0,
            "min_numeric": 0,
            "min_special": 0,
            "min_upper": 0,
            "number": true,
            "numeric": true,
            "override_special": null,
            "result": "Kn@+4eT]_s",
            "special": true,
            "upper": true
          },
          "sensitive_attributes": []
        }
      ]
    }
  ],
  "check_results": null
}
