{
  "version": 4,
  "terraform_version": "1.5.6",
  "serial": 4,
  "lineage": "6deb75ab-6feb-00a8-aded-d4e2f525b2ce",
  "outputs": {
    "name1": {
      "value": 186,
      "type": "number"
    }
  },
  "resources": [
    {
      "mode": "managed",
      "type": "random_integer",
      "name": "rint",
      "provider": "provider[\"registry.terraform.io/hashicorp/random\"]",
      "instances": [
        {
          "schema_version": 0,
          "attributes": {
            "id": "186",
            "keepers": null,
            "max": 200,
            "min": 100,
            "result": 186,
            "seed": null
          },
          "sensitive_attributes": []
        }
      ]
    }
  ],
  "check_results": null
}
