{
  "version": 4,
  "terraform_version": "1.5.6",
  "serial": 16,
  "lineage": "e12ec5cb-d6b7-a2e5-1163-c4cb87185fa7",
  "outputs": {},
  "resources": [
    {
      "mode": "managed",
      "type": "local_file",
      "name": "sample_res",
      "provider": "provider[\"registry.terraform.io/hashicorp/local\"]",
      "instances": [
        {
          "schema_version": 0,
          "attributes": {
            "content": null,
            "content_base64": null,
            "content_base64sha256": "trlLJVopjFRC8tm26c8LOj6aMaki9LPGWWl8zn0kS+8=",
            "content_base64sha512": "duEXAuvELXEJJooRXk6QrBp3gv+x1J4wxUwWxn7jYKgHMCNnGR8qdy6Fx61HIWlf7E3mvrtb+BYRULhx6XYm7A==",
            "content_md5": "19db7ee8141dffd159bbbfc1bdeb6619",
            "content_sha1": "2e38538fdfcd50e06860c114d32081dae23ae652",
            "content_sha256": "b6b94b255a298c5442f2d9b6e9cf0b3a3e9a31a922f4b3c659697cce7d244bef",
            "content_sha512": "76e11702ebc42d7109268a115e4e90ac1a7782ffb1d49e30c54c16c67ee360a807302367191f2a772e85c7ad4721695fec4de6bebb5bf8161150b871e97626ec",
            "directory_permission": "0777",
            "file_permission": "0777",
            "filename": "sample.txt",
            "id": "2e38538fdfcd50e06860c114d32081dae23ae652",
            "sensitive_content": "I am loving terraform!",
            "source": null
          },
          "sensitive_attributes": []
        }
      ]
    }
  ],
  "check_results": null
}
